{
    "_meta": {
        "hash": {
            "sha256": "d1622984bf0004130b81ccc242705e1c9990efc114463908d3a7614e6c68e584"
        },
        "pipfile-spec": 6,
        "requires": {
            "python_version": "3.6"
        },
        "sources": [
            {
                "name": "pypi",
                "url": "https://pypi.org/simple",
                "verify_ssl": true
            }
        ]
    },
    "default": {
        "arrow": {
            "hashes": [
                "sha256:a558d3b7b6ce7ffc74206a86c147052de23d3d4ef0e17c210dd478c53575c4cd"
            ],
            "index": "pypi",
            "version": "==0.12.1"
        },
        "certifi": {
            "hashes": [
                "sha256:4c1d68a1408dd090d2f3a869aa94c3947cc1d967821d1ed303208c9f41f0f2f4",
                "sha256:b6e8b28b2b7e771a41ecdd12d4d43262ecab52adebbafa42c77d6b57fb6ad3a4"
            ],
            "version": "==2018.8.13"
        },
        "chardet": {
            "hashes": [
                "sha256:84ab92ed1c4d4f16916e05906b6b75a6c0fb5db821cc65e70cbd64a3e2a5eaae",
                "sha256:fc323ffcaeaed0e0a02bf4d117757b98aed530d9ed4531e3e15460124c106691"
            ],
            "version": "==3.0.4"
        },
        "docxtpl": {
            "hashes": [
                "sha256:1b424b5e59d75e6f8ff8e1f36952b5a53d8666701b8c1ede7b0d13b7bd05a7cb",
                "sha256:5a76de61c03916b16ece5088074506583beec9357f1d5549dae9e9e4d1d82642"
            ],
            "index": "pypi",
            "version": "==0.5.0"
        },
        "et-xmlfile": {
            "hashes": [
                "sha256:614d9722d572f6246302c4491846d2c393c199cfa4edc9af593437691683335b"
            ],
            "version": "==1.0.1"
        },
        "future": {
            "hashes": [
                "sha256:e39ced1ab767b5936646cedba8bcce582398233d6a627067d4c6a454c90cfedb"
            ],
            "index": "pypi",
            "version": "==0.16.0"
        },
        "idna": {
            "hashes": [
                "sha256:156a6814fb5ac1fc6850fb002e0852d56c0c8d2531923a51032d1b70760e186e",
                "sha256:684a38a6f903c1d71d6d5fac066b58d7768af4de2b832e426ec79c30daa94a16"
            ],
            "version": "==2.7"
        },
        "isogeo-pysdk": {
            "hashes": [
                "sha256:036b442694e61fa12b39540415c2f8f2902c9349b806c5944822f002accd18f4",
                "sha256:394a9cd924ac016450c195c43a454e009d1777d7d468493f4f129c2634dfc8f2"
            ],
            "index": "pypi",
            "version": "==2.20.3"
        },
        "jdcal": {
            "hashes": [
                "sha256:948fb8d079e63b4be7a69dd5f0cd618a0a57e80753de8248fd786a8a20658a07",
                "sha256:ea0a5067c5f0f50ad4c7bdc80abad3d976604f6fb026b0b3a17a9d84bb9046c9"
            ],
            "version": "==1.4"
        },
        "jinja2": {
            "hashes": [
                "sha256:74c935a1b8bb9a3947c50a54766a969d4846290e1e788ea44c1392163723c3bd",
                "sha256:f84be1bb0040caca4cea721fcbbbbd61f9be9464ca236387158b0feea01914a4"
            ],
            "version": "==2.10"
        },
        "lxml": {
            "hashes": [
                "sha256:0cf1eca0652c4409e0655e04b840d6d85b7eb18718f5fba3862acad5500e3480",
                "sha256:10624ef1b468252309f269b13af4f837e3a82be366b5f3e49b0e83f1ad66205f",
                "sha256:1259e374da3a575615fe402e0966c5894bae3d2e229c2239ba4ebf2bb020c4b6",
                "sha256:26bb748af1ead0097eb8272b8a06f15a0015b8f312eef772a95f223a16e7de56",
                "sha256:27d0b13bcfcf2f6a5664e64fc3d684c76db1cdba5a5761795d154063559e0b59",
                "sha256:2b013fdabcbc21bc2770437099b921ec290235752b5baaac7a601f75094a378d",
                "sha256:2e469ea2c0b722b9b393187649e7d126c537a68512fc92a676fe86e57050c2a9",
                "sha256:37f7c2cdf513a0ea239c1609681880fb2f0073de0d2996e0ae9a7f0ef15d8b95",
                "sha256:68c6afc7a4411db2df28307e2493c945cb3d887e8f431b81811c1ea6ba087b8b",
                "sha256:73fe3452fc02c0b418914f842f897bdad0f1184368d8d9c315294ff7b94946f2",
                "sha256:7584d83d7315f641510e5f97f4d636ea225fd76e3f8aee965b2e8c93a8169b4d",
                "sha256:76e3ec6b26b1198dd5e6e20539d8360dcd3b224cd80cadba9307b790fda79161",
                "sha256:8288a889cbaa446e5fa168837456e63098b91953c89e5857968a5091b337cdca",
                "sha256:ad9e1fee284dec97b74cd88e925eca1575145598c974243cfb5e859f406adc32",
                "sha256:b360c3769cf0fd7d82577e40e37d4caf693f67744d0d61d11d66b5c31eaccf7a",
                "sha256:c4aaf320284a2713428163bae0e7df0db3b489237ab4830179210a12d56d3068",
                "sha256:c530274e43b0f376cd94e8e0a3e6ea28de1739ec4326689bdbf626e172d2e614",
                "sha256:ca4e79294fd0f3f9e0e5a4c309df84b5f2abc62349bfaf2aaf8965e5108ef8e2",
                "sha256:ce2dc5a104e885abbd48d0cc92ae74afa1d685ee65d6e3497067207d6a26e177",
                "sha256:d295cac30d3e13e82473081ea7df2a11352b5625cb54187fcd5a8be5d9ebf315",
                "sha256:d498338b39c4757ba88bdc705b3a0647d18554856cd2d394ac3bb919ac890c9d",
                "sha256:d537f8e613074805e17039e345edaa822534f66f07d315c89cff9824aa996d65",
                "sha256:df8ba3f52ef59a553b0e94593ea526c34faa4f531c1ab7f5ca7f392bc770c9e3",
                "sha256:e2553800d2d461a2dc329682d0a9068f238ec11d763e5454c61c4df7a0346ed2",
                "sha256:e2afbe403090f5893e254958d02875e0732975e73c4c0cdd33c1f009a61963ca",
                "sha256:e740efa625883f3c4de20c7e1411228d7ce2ab47b9e874a703f6681ec0558a30",
                "sha256:ec7864b62da0f5ae44973351247f2250a25b9b544fc6aff8bd6a75da1156cc70",
                "sha256:f26ddab491b10279b7e8e3fdcbaaaba3ab282fbaecfa48a19874dfc4d53b9d4f",
                "sha256:f6a16681f30918521066ddcc4ba79c1e033c9837dd94f78f5a9f6110e7572185",
                "sha256:f968623ac9b81a6253d4bbbe3f4d1e6be5f33707f397b566935783511bfa281a"
            ],
            "index": "pypi",
            "version": "==4.2.4"
        },
        "markupsafe": {
            "hashes": [
                "sha256:a6be69091dac236ea9c6bc7d012beab42010fa914c459791d627dad4910eb665"
            ],
            "version": "==1.0"
        },
        "openpyxl": {
            "hashes": [
                "sha256:0f391b0035d7c98f25aad539726e8efc77eea250ff1a120ea7d264c03a16f5fe"
            ],
            "index": "pypi",
            "version": "==2.5.5"
        },
        "pyqt5": {
            "hashes": [
                "sha256:700b8bb0357bf0ac312bce283449de733f5773dfc77083664be188c8e964c007",
                "sha256:76d52f3627fac8bfdbc4857ce52a615cd879abd79890cde347682ff9b4b245a2",
                "sha256:7d0f7c0aed9c3ef70d5856e99f30ebcfe25a58300158dd46ee544cbe1c5b53db",
                "sha256:d5dc2faf0aeacd0e8b69af1dc9f1276a64020193148356bb319bdfae22b78f88"
            ],
            "index": "pypi",
            "version": "==5.11.2"
        },
        "pyqt5-sip": {
            "hashes": [
                "sha256:3bcd8efae7798ce41aa7c3a052bd5ce1849f437530b8a717bae39197e780f505",
                "sha256:4a3c5767d6c238d8c62d252ac59312fac8b2264a1e8a5670081d7f3545893005",
                "sha256:67481d70fb0c7fb83e77b9025e15d0e78c7647c228eef934bd20ba716845a519",
                "sha256:7b2e563e4e56adee00101a29913fdcc49cc714f6c4f7eb35449f493c3a88fc45",
                "sha256:92a4950cba7ad7b7f67c09bdf80170ac225b38844b3a10f1271b02bace2ffc64",
                "sha256:9309c10f9e648521cfe03b62f4658dad2314f81886062cb30e0ad31b337e14b0",
                "sha256:9f524e60fa6113b50c48fbd869b2aef19833f3fe278097b1e7403e8f4dd5392c",
                "sha256:a10f59ad65b34e183853e1387b68901f473a2041f7398fac87c4e445ab149830",
                "sha256:abc2b2df469b4efb01d9dba4b804cbf0312f109ed74752dc3a37394a77d55b1f",
                "sha256:c09c17009a2dd2a6317a14d3cea9b2300fdb2206cf9bc4bae0870d1919897935",
                "sha256:c30c162e1430fd5a02207f1bd478e170c61d89fcca11ac6d8babb73cb33a86a8",
                "sha256:f00ceceef75a2140fda737bd30847ac69b7d92fbd32b6ea7b387017e72176bd8"
            ],
            "version": "==4.19.12"
        },
        "pyqt5-tools": {
            "hashes": [
                "sha256:226cc0765355ebd6938a13526fe553bc0da6a1b1f7db503d4dd2953b0bd765c3",
                "sha256:3ee2a6842e4d0445f7676a42f336d97440aa7e94ca6d003aae8d0b96f0d1a17d",
                "sha256:bc05fdb8b9879cfc6b20678414461b7cae24d90a6a8e930ebefde37f92b9e95b",
                "sha256:c18cc5a889f6bb9516bb3235a9024f19ab7f5be86f2e0c075ec3eb69431d3f3b"
            ],
            "index": "pypi",
            "version": "==5.9.0.1.2"
        },
        "python-dateutil": {
            "hashes": [
                "sha256:1adb80e7a782c12e52ef9a8182bebeb73f1d7e24e374397af06fb4956c8dc5c0",
                "sha256:e27001de32f627c22380a688bcc43ce83504a7bc5da472209b4c70f02829f0b8"
            ],
            "version": "==2.7.3"
        },
        "python-docx": {
            "hashes": [
                "sha256:55ece6fd4a4fa3389909fa0e51400fce428e1fb6f6ef3599cbba31673441f184"
            ],
            "version": "==0.8.6"
        },
        "pytz": {
            "hashes": [
                "sha256:a061aa0a9e06881eb8b3b2b43f05b9439d6583c206d0a6c340ff72a7b6669053",
                "sha256:ffb9ef1de172603304d9d2819af6f5ece76f2e85ec10692a524dd876e72bf277"
            ],
            "index": "pypi",
            "version": "==2018.5"
        },
        "qdarkstyle": {
            "hashes": [
                "sha256:3eb60922b8c4d9cedecb6897ca4c9f8a259d81bdefe5791976ccdf12432de1f0",
                "sha256:51331fc6490b38c376e6ba8d8c814320c8d2d1c2663055bc396321a7c28fa8be"
            ],
            "index": "pypi",
            "version": "==2.5.4"
        },
        "requests": {
            "hashes": [
                "sha256:63b52e3c866428a224f97cab011de738c36aec0185aa91cfacd418b5d58911d1",
                "sha256:ec22d826a36ed72a7358ff3fe56cbd4ba69dd7a6718ffd450ff0e9df7a47ce6a"
            ],
            "index": "pypi",
            "version": "==2.19.1"
        },
        "six": {
            "hashes": [
                "sha256:70e8a77beed4562e7f14fe23a786b54f6296e34344c23bc42f07b15018ff98e9",
                "sha256:832dc0e10feb1aa2c68dcc57dbb658f1c7e65b9b61af69048abc87a2db00a0eb"
            ],
            "index": "pypi",
            "version": "==1.11.0"
        },
        "urllib3": {
            "hashes": [
                "sha256:a68ac5e15e76e7e5dd2b8f94007233e01effe3e50e8daddf69acfd81cb686baf",
                "sha256:b5725a0bd4ba422ab0e66e89e030c806576753ea3ee08554382c14e685d117b5"
            ],
            "markers": "python_version != '3.2.*' and python_version >= '2.6' and python_version < '4' and python_version != '3.1.*' and python_version != '3.3.*' and python_version != '3.0.*'",
            "version": "==1.23"
        }
    },
    "develop": {
        "altgraph": {
            "hashes": [
                "sha256:d6814989f242b2b43025cba7161fc1b8fb487a62cd49c49245d6fd01c18ac997",
                "sha256:ddf5320017147ba7b810198e0b6619bd7b5563aa034da388cea8546b877f9b0c"
            ],
            "version": "==0.16.1"
        },
        "astroid": {
            "hashes": [
                "sha256:292fa429e69d60e4161e7612cb7cc8fa3609e2e309f80c224d93a76d5e7b58be",
                "sha256:c7013d119ec95eb626f7a2011f0b63d0c9a095df9ad06d8507b37084eada1a8d"
            ],
            "version": "==2.0.4"
        },
        "certifi": {
            "hashes": [
                "sha256:4c1d68a1408dd090d2f3a869aa94c3947cc1d967821d1ed303208c9f41f0f2f4",
                "sha256:b6e8b28b2b7e771a41ecdd12d4d43262ecab52adebbafa42c77d6b57fb6ad3a4"
            ],
            "version": "==2018.8.13"
        },
        "chardet": {
            "hashes": [
                "sha256:84ab92ed1c4d4f16916e05906b6b75a6c0fb5db821cc65e70cbd64a3e2a5eaae",
                "sha256:fc323ffcaeaed0e0a02bf4d117757b98aed530d9ed4531e3e15460124c106691"
            ],
            "version": "==3.0.4"
        },
        "codecov": {
            "hashes": [
                "sha256:8ed8b7c6791010d359baed66f84f061bba5bd41174bf324c31311e8737602788",
                "sha256:ae00d68e18d8a20e9c3288ba3875ae03db3a8e892115bf9b83ef20507732bed4"
            ],
            "index": "pypi",
            "version": "==2.0.15"
        },
        "colorama": {
            "hashes": [
                "sha256:463f8483208e921368c9f306094eb6f725c6ca42b0f97e313cb5d5512459feda",
                "sha256:48eb22f4f8461b1df5734a074b57042430fb06e1d61bd1e11b078c0fe6d7a1f1"
            ],
            "markers": "sys_platform == 'win32'",
            "version": "==0.3.9"
        },
        "coverage": {
            "hashes": [
                "sha256:03481e81d558d30d230bc12999e3edffe392d244349a90f4ef9b88425fac74ba",
                "sha256:0b136648de27201056c1869a6c0d4e23f464750fd9a9ba9750b8336a244429ed",
                "sha256:10a46017fef60e16694a30627319f38a2b9b52e90182dddb6e37dcdab0f4bf95",
                "sha256:198626739a79b09fa0a2f06e083ffd12eb55449b5f8bfdbeed1df4910b2ca640",
                "sha256:23d341cdd4a0371820eb2b0bd6b88f5003a7438bbedb33688cd33b8eae59affd",
                "sha256:28b2191e7283f4f3568962e373b47ef7f0392993bb6660d079c62bd50fe9d162",
                "sha256:2a5b73210bad5279ddb558d9a2bfedc7f4bf6ad7f3c988641d83c40293deaec1",
                "sha256:2eb564bbf7816a9d68dd3369a510be3327f1c618d2357fa6b1216994c2e3d508",
                "sha256:337ded681dd2ef9ca04ef5d93cfc87e52e09db2594c296b4a0a3662cb1b41249",
                "sha256:3a2184c6d797a125dca8367878d3b9a178b6fdd05fdc2d35d758c3006a1cd694",
                "sha256:3c79a6f7b95751cdebcd9037e4d06f8d5a9b60e4ed0cd231342aa8ad7124882a",
                "sha256:3d72c20bd105022d29b14a7d628462ebdc61de2f303322c0212a054352f3b287",
                "sha256:3eb42bf89a6be7deb64116dd1cc4b08171734d721e7a7e57ad64cc4ef29ed2f1",
                "sha256:4635a184d0bbe537aa185a34193898eee409332a8ccb27eea36f262566585000",
                "sha256:56e448f051a201c5ebbaa86a5efd0ca90d327204d8b059ab25ad0f35fbfd79f1",
                "sha256:5a13ea7911ff5e1796b6d5e4fbbf6952381a611209b736d48e675c2756f3f74e",
                "sha256:69bf008a06b76619d3c3f3b1983f5145c75a305a0fea513aca094cae5c40a8f5",
                "sha256:6bc583dc18d5979dc0f6cec26a8603129de0304d5ae1f17e57a12834e7235062",
                "sha256:701cd6093d63e6b8ad7009d8a92425428bc4d6e7ab8d75efbb665c806c1d79ba",
                "sha256:7608a3dd5d73cb06c531b8925e0ef8d3de31fed2544a7de6c63960a1e73ea4bc",
                "sha256:76ecd006d1d8f739430ec50cc872889af1f9c1b6b8f48e29941814b09b0fd3cc",
                "sha256:7aa36d2b844a3e4a4b356708d79fd2c260281a7390d678a10b91ca595ddc9e99",
                "sha256:7d3f553904b0c5c016d1dad058a7554c7ac4c91a789fca496e7d8347ad040653",
                "sha256:7e1fe19bd6dce69d9fd159d8e4a80a8f52101380d5d3a4d374b6d3eae0e5de9c",
                "sha256:8c3cb8c35ec4d9506979b4cf90ee9918bc2e49f84189d9bf5c36c0c1119c6558",
                "sha256:9d6dd10d49e01571bf6e147d3b505141ffc093a06756c60b053a859cb2128b1f",
                "sha256:be6cfcd8053d13f5f5eeb284aa8a814220c3da1b0078fa859011c7fffd86dab9",
                "sha256:c1bb572fab8208c400adaf06a8133ac0712179a334c09224fb11393e920abcdd",
                "sha256:de4418dadaa1c01d497e539210cb6baa015965526ff5afc078c57ca69160108d",
                "sha256:e05cb4d9aad6233d67e0541caa7e511fa4047ed7750ec2510d466e806e0255d6",
                "sha256:f3f501f345f24383c0000395b26b726e46758b71393267aeae0bd36f8b3ade80"
            ],
            "markers": "python_version != '3.2.*' and python_version >= '2.6' and python_version < '4' and python_version != '3.0.*' and python_version != '3.1.*'",
            "version": "==4.5.1"
        },
        "future": {
            "hashes": [
                "sha256:e39ced1ab767b5936646cedba8bcce582398233d6a627067d4c6a454c90cfedb"
            ],
            "index": "pypi",
            "version": "==0.16.0"
        },
        "idna": {
            "hashes": [
                "sha256:156a6814fb5ac1fc6850fb002e0852d56c0c8d2531923a51032d1b70760e186e",
                "sha256:684a38a6f903c1d71d6d5fac066b58d7768af4de2b832e426ec79c30daa94a16"
            ],
            "version": "==2.7"
        },
        "isort": {
            "hashes": [
                "sha256:1153601da39a25b14ddc54955dbbacbb6b2d19135386699e2ad58517953b34af",
                "sha256:b9c40e9750f3d77e6e4d441d8b0266cf555e7cdabdcff33c4fd06366ca761ef8",
                "sha256:ec9ef8f4a9bc6f71eec99e1806bfa2de401650d996c59330782b89a5555c1497"
            ],
            "version": "==4.3.4"
        },
        "lazy-object-proxy": {
            "hashes": [
                "sha256:0ce34342b419bd8f018e6666bfef729aec3edf62345a53b537a4dcc115746a33",
                "sha256:1b668120716eb7ee21d8a38815e5eb3bb8211117d9a90b0f8e21722c0758cc39",
                "sha256:209615b0fe4624d79e50220ce3310ca1a9445fd8e6d3572a896e7f9146bbf019",
                "sha256:27bf62cb2b1a2068d443ff7097ee33393f8483b570b475db8ebf7e1cba64f088",
                "sha256:27ea6fd1c02dcc78172a82fc37fcc0992a94e4cecf53cb6d73f11749825bd98b",
                "sha256:2c1b21b44ac9beb0fc848d3993924147ba45c4ebc24be19825e57aabbe74a99e",
                "sha256:2df72ab12046a3496a92476020a1a0abf78b2a7db9ff4dc2036b8dd980203ae6",
                "sha256:320ffd3de9699d3892048baee45ebfbbf9388a7d65d832d7e580243ade426d2b",
                "sha256:50e3b9a464d5d08cc5227413db0d1c4707b6172e4d4d915c1c70e4de0bbff1f5",
                "sha256:5276db7ff62bb7b52f77f1f51ed58850e315154249aceb42e7f4c611f0f847ff",
                "sha256:61a6cf00dcb1a7f0c773ed4acc509cb636af2d6337a08f362413c76b2b47a8dd",
                "sha256:6ae6c4cb59f199d8827c5a07546b2ab7e85d262acaccaacd49b62f53f7c456f7",
                "sha256:7661d401d60d8bf15bb5da39e4dd72f5d764c5aff5a86ef52a042506e3e970ff",
                "sha256:7bd527f36a605c914efca5d3d014170b2cb184723e423d26b1fb2fd9108e264d",
                "sha256:7cb54db3535c8686ea12e9535eb087d32421184eacc6939ef15ef50f83a5e7e2",
                "sha256:7f3a2d740291f7f2c111d86a1c4851b70fb000a6c8883a59660d95ad57b9df35",
                "sha256:81304b7d8e9c824d058087dcb89144842c8e0dea6d281c031f59f0acf66963d4",
                "sha256:933947e8b4fbe617a51528b09851685138b49d511af0b6c0da2539115d6d4514",
                "sha256:94223d7f060301b3a8c09c9b3bc3294b56b2188e7d8179c762a1cda72c979252",
                "sha256:ab3ca49afcb47058393b0122428358d2fbe0408cf99f1b58b295cfeb4ed39109",
                "sha256:bd6292f565ca46dee4e737ebcc20742e3b5be2b01556dafe169f6c65d088875f",
                "sha256:cb924aa3e4a3fb644d0c463cad5bc2572649a6a3f68a7f8e4fbe44aaa6d77e4c",
                "sha256:d0fc7a286feac9077ec52a927fc9fe8fe2fabab95426722be4c953c9a8bede92",
                "sha256:ddc34786490a6e4ec0a855d401034cbd1242ef186c20d79d2166d6a4bd449577",
                "sha256:e34b155e36fa9da7e1b7c738ed7767fc9491a62ec6af70fe9da4a057759edc2d",
                "sha256:e5b9e8f6bda48460b7b143c3821b21b452cb3a835e6bbd5dd33aa0c8d3f5137d",
                "sha256:e81ebf6c5ee9684be8f2c87563880f93eedd56dd2b6146d8a725b50b7e5adb0f",
                "sha256:eb91be369f945f10d3a49f5f9be8b3d0b93a4c2be8f8a5b83b0571b8123e0a7a",
                "sha256:f460d1ceb0e4a5dcb2a652db0904224f367c9b3c1470d5a7683c0480e582468b"
            ],
            "version": "==1.3.1"
        },
        "macholib": {
            "hashes": [
                "sha256:9485686b89d357f4a99fda5a12349b261ecf2baedd526d2c9b6397167a507e90",
                "sha256:a8941ff2cf2519859ed64d1248782442c98f5e1e28a1c331911d5501f74b7b37"
            ],
            "version": "==1.10"
        },
        "mccabe": {
            "hashes": [
                "sha256:ab8a6258860da4b6677da4bd2fe5dc2c659cff31b3ee4f7f5d64e79735b80d42",
                "sha256:dd8d182285a0fe56bace7f45b5e7d1a6ebcbf524e8f3bd87eb0f125271b8831f"
            ],
            "version": "==0.6.1"
        },
        "pefile": {
            "hashes": [
                "sha256:4c5b7e2de0c8cb6c504592167acf83115cbbde01fe4a507c16a1422850e86cd6"
            ],
            "version": "==2018.8.8"
        },
        "pycodestyle": {
            "hashes": [
                "sha256:cbc619d09254895b0d12c2c691e237b2e91e9b2ecf5e84c26b35400f93dcfb83",
                "sha256:cbfca99bd594a10f674d0cd97a3d802a1fdef635d4361e1a2658de47ed261e3a"
            ],
            "index": "pypi",
            "version": "==2.4.0"
        },
        "pyinstaller": {
            "hashes": [
                "sha256:715f81f24b1ef0e5fe3b3c71e7540551838e46e9de30882aa7c0a521147fd1ce"
            ],
            "index": "pypi",
            "version": "==3.3.1"
        },
        "pylint": {
            "hashes": [
                "sha256:1d6d3622c94b4887115fe5204982eee66fdd8a951cf98635ee5caee6ec98c3ec",
                "sha256:31142f764d2a7cd41df5196f9933b12b7ee55e73ef12204b648ad7e556c119fb"
            ],
            "index": "pypi",
            "version": "==2.1.1"
        },
        "pypiwin32": {
            "hashes": [
                "sha256:67adf399debc1d5d14dffc1ab5acacb800da569754fafdc576b2a039485aa775",
                "sha256:71be40c1fbd28594214ecaecb58e7aa8b708eabfa0125c8a109ebd51edbd776a"
            ],
            "version": "==223"
        },
        "pywin32": {
            "hashes": [
                "sha256:0df9b008caef10af0d674c483316c28dcf78391332d9d5d380fab667ebf2d7d1",
                "sha256:249391eb924b8376826e6f84d143d1dcc0e400b238b511d5fbd3811f6ed9ad50",
                "sha256:42f48567e36b787901ff3da20de5a134cd9880cc90832e2aad60951f058699f0",
                "sha256:9eff897796c9d76a213134257a01b6f8a122c55e0772847fba313a8091f3ec44",
                "sha256:c7ea0deabcc324e5b74084b5452003109c592d1aedbe9e9289ed55b26d9b0c7f",
                "sha256:da422d4067d98b49fbb19d851900a5fc38c61eab0ee803574c27c42309173ebe",
                "sha256:f0f0e7c82ee334dd6e888b9b5beb05fd8947355fa7a15644c810bb4ea0079ca6",
                "sha256:fb3c85907918fd01a72ee146d323d220771dee151c0cfa5630c2f35797ffb116"
            ],
            "version": "==223"
        },
        "requests": {
            "hashes": [
                "sha256:63b52e3c866428a224f97cab011de738c36aec0185aa91cfacd418b5d58911d1",
                "sha256:ec22d826a36ed72a7358ff3fe56cbd4ba69dd7a6718ffd450ff0e9df7a47ce6a"
            ],
            "index": "pypi",
            "version": "==2.19.1"
        },
        "six": {
            "hashes": [
                "sha256:70e8a77beed4562e7f14fe23a786b54f6296e34344c23bc42f07b15018ff98e9",
                "sha256:832dc0e10feb1aa2c68dcc57dbb658f1c7e65b9b61af69048abc87a2db00a0eb"
            ],
            "index": "pypi",
            "version": "==1.11.0"
        },
        "typed-ast": {
            "hashes": [
                "sha256:0948004fa228ae071054f5208840a1e88747a357ec1101c17217bfe99b299d58",
                "sha256:10703d3cec8dcd9eef5a630a04056bbc898abc19bac5691612acba7d1325b66d",
                "sha256:1f6c4bd0bdc0f14246fd41262df7dfc018d65bb05f6e16390b7ea26ca454a291",
                "sha256:25d8feefe27eb0303b73545416b13d108c6067b846b543738a25ff304824ed9a",
                "sha256:29464a177d56e4e055b5f7b629935af7f49c196be47528cc94e0a7bf83fbc2b9",
                "sha256:2e214b72168ea0275efd6c884b114ab42e316de3ffa125b267e732ed2abda892",
                "sha256:3e0d5e48e3a23e9a4d1a9f698e32a542a4a288c871d33ed8df1b092a40f3a0f9",
                "sha256:519425deca5c2b2bdac49f77b2c5625781abbaf9a809d727d3a5596b30bb4ded",
                "sha256:57fe287f0cdd9ceaf69e7b71a2e94a24b5d268b35df251a88fef5cc241bf73aa",
                "sha256:668d0cec391d9aed1c6a388b0d5b97cd22e6073eaa5fbaa6d2946603b4871efe",
                "sha256:68ba70684990f59497680ff90d18e756a47bf4863c604098f10de9716b2c0bdd",
                "sha256:6de012d2b166fe7a4cdf505eee3aaa12192f7ba365beeefaca4ec10e31241a85",
                "sha256:79b91ebe5a28d349b6d0d323023350133e927b4de5b651a8aa2db69c761420c6",
                "sha256:8550177fa5d4c1f09b5e5f524411c44633c80ec69b24e0e98906dd761941ca46",
                "sha256:898f818399cafcdb93cbbe15fc83a33d05f18e29fb498ddc09b0214cdfc7cd51",
                "sha256:94b091dc0f19291adcb279a108f5d38de2430411068b219f41b343c03b28fb1f",
                "sha256:a26863198902cda15ab4503991e8cf1ca874219e0118cbf07c126bce7c4db129",
                "sha256:a8034021801bc0440f2e027c354b4eafd95891b573e12ff0418dec385c76785c",
                "sha256:bc978ac17468fe868ee589c795d06777f75496b1ed576d308002c8a5756fb9ea",
                "sha256:c05b41bc1deade9f90ddc5d988fe506208019ebba9f2578c622516fd201f5863",
                "sha256:c9b060bd1e5a26ab6e8267fd46fc9e02b54eb15fffb16d112d4c7b1c12987559",
                "sha256:edb04bdd45bfd76c8292c4d9654568efaedf76fe78eb246dde69bdb13b2dad87",
                "sha256:f19f2a4f547505fe9072e15f6f4ae714af51b5a681a97f187971f50c283193b6"
            ],
            "markers": "python_version < '3.7' and implementation_name == 'cpython'",
            "version": "==1.1.0"
        },
        "urllib3": {
            "hashes": [
                "sha256:a68ac5e15e76e7e5dd2b8f94007233e01effe3e50e8daddf69acfd81cb686baf",
                "sha256:b5725a0bd4ba422ab0e66e89e030c806576753ea3ee08554382c14e685d117b5"
            ],
            "markers": "python_version != '3.2.*' and python_version >= '2.6' and python_version < '4' and python_version != '3.1.*' and python_version != '3.3.*' and python_version != '3.0.*'",
            "version": "==1.23"
        },
        "wrapt": {
            "hashes": [
                "sha256:d4d560d479f2c21e1b5443bbd15fe7ec4b37fe7e53d335d3b9b0a7b1226fe3c6"
            ],
            "version": "==1.10.11"
        }
    }
}
